
Microsoft Visual Studio Solution File, Format Version 12.00
# Visual Studio 15
VisualStudioVersion = 15.0.26730.10
MinimumVisualStudioVersion = 10.0.40219.1

Project("{6EC3EE1D-3C4E-46DD-8F32-0CC8E7565705}") = "ViewWithInternalModelCrash", "ViewWithInternalModelCrash\ViewWithInternalModelCrash.fsproj", "{E31195AF-1A1A-4706-97D5-E0DE38C8F87C}"
EndProject

Project("{F2A71F9B-5D33-465A-A702-920D77279786}") = "ViewWithInternalModelCrash.Android", "ViewWithInternalModelCrash.Android\ViewWithInternalModelCrash.Android.fsproj", "{94EEBADB-C82A-41D0-8208-748C2D4BE2DA}"
EndProject


Project("{F2A71F9B-5D33-465A-A702-920D77279786}") = "ViewWithInternalModelCrash.iOS", "ViewWithInternalModelCrash.iOS\ViewWithInternalModelCrash.iOS.fsproj", "{B7D1AEBF-84D6-4F3B-8F6D-83D7C7D1E04D}"
EndProject




Global
	GlobalSection(SolutionConfigurationPlatforms) = preSolution
		Ad-Hoc|Any CPU = Ad-Hoc|Any CPU
		Ad-Hoc|ARM = Ad-Hoc|ARM
		Ad-Hoc|iPhone = Ad-Hoc|iPhone
		Ad-Hoc|iPhoneSimulator = Ad-Hoc|iPhoneSimulator
		Ad-Hoc|x64 = Ad-Hoc|x64
		Ad-Hoc|x86 = Ad-Hoc|x86
		AppStore|Any CPU = AppStore|Any CPU
		AppStore|ARM = AppStore|ARM
		AppStore|iPhone = AppStore|iPhone
		AppStore|iPhoneSimulator = AppStore|iPhoneSimulator
		AppStore|x64 = AppStore|x64
		AppStore|x86 = AppStore|x86
		Debug|Any CPU = Debug|Any CPU
		Debug|ARM = Debug|ARM
		Debug|iPhone = Debug|iPhone
		Debug|iPhoneSimulator = Debug|iPhoneSimulator
		Debug|x64 = Debug|x64
		Debug|x86 = Debug|x86
		Release|Any CPU = Release|Any CPU
		Release|ARM = Release|ARM
		Release|iPhone = Release|iPhone
		Release|iPhoneSimulator = Release|iPhoneSimulator
		Release|x64 = Release|x64
		Release|x86 = Release|x86
	EndGlobalSection
	GlobalSection(ProjectConfigurationPlatforms) = postSolution
		{E31195AF-1A1A-4706-97D5-E0DE38C8F87C}.Ad-Hoc|Any CPU.ActiveCfg = Debug|Any CPU
		{E31195AF-1A1A-4706-97D5-E0DE38C8F87C}.Ad-Hoc|Any CPU.Build.0 = Debug|Any CPU
		{E31195AF-1A1A-4706-97D5-E0DE38C8F87C}.Ad-Hoc|ARM.ActiveCfg = Debug|Any CPU
		{E31195AF-1A1A-4706-97D5-E0DE38C8F87C}.Ad-Hoc|ARM.Build.0 = Debug|Any CPU
		{E31195AF-1A1A-4706-97D5-E0DE38C8F87C}.Ad-Hoc|iPhone.ActiveCfg = Debug|Any CPU
		{E31195AF-1A1A-4706-97D5-E0DE38C8F87C}.Ad-Hoc|iPhone.Build.0 = Debug|Any CPU
		{E31195AF-1A1A-4706-97D5-E0DE38C8F87C}.Ad-Hoc|iPhoneSimulator.ActiveCfg = Debug|Any CPU
		{E31195AF-1A1A-4706-97D5-E0DE38C8F87C}.Ad-Hoc|iPhoneSimulator.Build.0 = Debug|Any CPU
		{E31195AF-1A1A-4706-97D5-E0DE38C8F87C}.Ad-Hoc|x64.ActiveCfg = Debug|Any CPU
		{E31195AF-1A1A-4706-97D5-E0DE38C8F87C}.Ad-Hoc|x64.Build.0 = Debug|Any CPU
		{E31195AF-1A1A-4706-97D5-E0DE38C8F87C}.Ad-Hoc|x86.ActiveCfg = Debug|Any CPU
		{E31195AF-1A1A-4706-97D5-E0DE38C8F87C}.Ad-Hoc|x86.Build.0 = Debug|Any CPU
		{E31195AF-1A1A-4706-97D5-E0DE38C8F87C}.AppStore|Any CPU.ActiveCfg = Debug|Any CPU
		{E31195AF-1A1A-4706-97D5-E0DE38C8F87C}.AppStore|Any CPU.Build.0 = Debug|Any CPU
		{E31195AF-1A1A-4706-97D5-E0DE38C8F87C}.AppStore|ARM.ActiveCfg = Debug|Any CPU
		{E31195AF-1A1A-4706-97D5-E0DE38C8F87C}.AppStore|ARM.Build.0 = Debug|Any CPU
		{E31195AF-1A1A-4706-97D5-E0DE38C8F87C}.AppStore|iPhone.ActiveCfg = Debug|Any CPU
		{E31195AF-1A1A-4706-97D5-E0DE38C8F87C}.AppStore|iPhone.Build.0 = Debug|Any CPU
		{E31195AF-1A1A-4706-97D5-E0DE38C8F87C}.AppStore|iPhoneSimulator.ActiveCfg = Debug|Any CPU
		{E31195AF-1A1A-4706-97D5-E0DE38C8F87C}.AppStore|iPhoneSimulator.Build.0 = Debug|Any CPU
		{E31195AF-1A1A-4706-97D5-E0DE38C8F87C}.AppStore|x64.ActiveCfg = Debug|Any CPU
		{E31195AF-1A1A-4706-97D5-E0DE38C8F87C}.AppStore|x64.Build.0 = Debug|Any CPU
		{E31195AF-1A1A-4706-97D5-E0DE38C8F87C}.AppStore|x86.ActiveCfg = Debug|Any CPU
		{E31195AF-1A1A-4706-97D5-E0DE38C8F87C}.AppStore|x86.Build.0 = Debug|Any CPU
		{E31195AF-1A1A-4706-97D5-E0DE38C8F87C}.Debug|Any CPU.ActiveCfg = Debug|Any CPU
		{E31195AF-1A1A-4706-97D5-E0DE38C8F87C}.Debug|Any CPU.Build.0 = Debug|Any CPU
		{E31195AF-1A1A-4706-97D5-E0DE38C8F87C}.Debug|ARM.ActiveCfg = Debug|Any CPU
		{E31195AF-1A1A-4706-97D5-E0DE38C8F87C}.Debug|ARM.Build.0 = Debug|Any CPU
		{E31195AF-1A1A-4706-97D5-E0DE38C8F87C}.Debug|iPhone.ActiveCfg = Debug|Any CPU
		{E31195AF-1A1A-4706-97D5-E0DE38C8F87C}.Debug|iPhone.Build.0 = Debug|Any CPU
		{E31195AF-1A1A-4706-97D5-E0DE38C8F87C}.Debug|iPhoneSimulator.ActiveCfg = Debug|Any CPU
		{E31195AF-1A1A-4706-97D5-E0DE38C8F87C}.Debug|iPhoneSimulator.Build.0 = Debug|Any CPU
		{E31195AF-1A1A-4706-97D5-E0DE38C8F87C}.Debug|x64.ActiveCfg = Debug|Any CPU
		{E31195AF-1A1A-4706-97D5-E0DE38C8F87C}.Debug|x64.Build.0 = Debug|Any CPU
		{E31195AF-1A1A-4706-97D5-E0DE38C8F87C}.Debug|x86.ActiveCfg = Debug|Any CPU
		{E31195AF-1A1A-4706-97D5-E0DE38C8F87C}.Debug|x86.Build.0 = Debug|Any CPU
		{E31195AF-1A1A-4706-97D5-E0DE38C8F87C}.Release|Any CPU.ActiveCfg = Release|Any CPU
		{E31195AF-1A1A-4706-97D5-E0DE38C8F87C}.Release|Any CPU.Build.0 = Release|Any CPU
		{E31195AF-1A1A-4706-97D5-E0DE38C8F87C}.Release|ARM.ActiveCfg = Release|Any CPU
		{E31195AF-1A1A-4706-97D5-E0DE38C8F87C}.Release|ARM.Build.0 = Release|Any CPU
		{E31195AF-1A1A-4706-97D5-E0DE38C8F87C}.Release|iPhone.ActiveCfg = Release|Any CPU
		{E31195AF-1A1A-4706-97D5-E0DE38C8F87C}.Release|iPhone.Build.0 = Release|Any CPU
		{E31195AF-1A1A-4706-97D5-E0DE38C8F87C}.Release|iPhoneSimulator.ActiveCfg = Release|Any CPU
		{E31195AF-1A1A-4706-97D5-E0DE38C8F87C}.Release|iPhoneSimulator.Build.0 = Release|Any CPU
		{E31195AF-1A1A-4706-97D5-E0DE38C8F87C}.Release|x64.ActiveCfg = Release|Any CPU
		{E31195AF-1A1A-4706-97D5-E0DE38C8F87C}.Release|x64.Build.0 = Release|Any CPU
		{E31195AF-1A1A-4706-97D5-E0DE38C8F87C}.Release|x86.ActiveCfg = Release|Any CPU
		{E31195AF-1A1A-4706-97D5-E0DE38C8F87C}.Release|x86.Build.0 = Release|Any CPU
		{B7D1AEBF-84D6-4F3B-8F6D-83D7C7D1E04D}.Ad-Hoc|Any CPU.ActiveCfg = Ad-Hoc|iPhone
		{B7D1AEBF-84D6-4F3B-8F6D-83D7C7D1E04D}.Ad-Hoc|ARM.ActiveCfg = Ad-Hoc|iPhone
		{B7D1AEBF-84D6-4F3B-8F6D-83D7C7D1E04D}.Ad-Hoc|iPhone.ActiveCfg = Ad-Hoc|iPhone
		{B7D1AEBF-84D6-4F3B-8F6D-83D7C7D1E04D}.Ad-Hoc|iPhone.Build.0 = Ad-Hoc|iPhone
		{B7D1AEBF-84D6-4F3B-8F6D-83D7C7D1E04D}.Ad-Hoc|iPhoneSimulator.ActiveCfg = Ad-Hoc|iPhoneSimulator
		{B7D1AEBF-84D6-4F3B-8F6D-83D7C7D1E04D}.Ad-Hoc|iPhoneSimulator.Build.0 = Ad-Hoc|iPhoneSimulator
		{B7D1AEBF-84D6-4F3B-8F6D-83D7C7D1E04D}.Ad-Hoc|x64.ActiveCfg = Ad-Hoc|iPhone
		{B7D1AEBF-84D6-4F3B-8F6D-83D7C7D1E04D}.Ad-Hoc|x86.ActiveCfg = Ad-Hoc|iPhone
		{B7D1AEBF-84D6-4F3B-8F6D-83D7C7D1E04D}.AppStore|Any CPU.ActiveCfg = AppStore|iPhone
		{B7D1AEBF-84D6-4F3B-8F6D-83D7C7D1E04D}.AppStore|ARM.ActiveCfg = AppStore|iPhone
		{B7D1AEBF-84D6-4F3B-8F6D-83D7C7D1E04D}.AppStore|iPhone.ActiveCfg = AppStore|iPhone
		{B7D1AEBF-84D6-4F3B-8F6D-83D7C7D1E04D}.AppStore|iPhone.Build.0 = AppStore|iPhone
		{B7D1AEBF-84D6-4F3B-8F6D-83D7C7D1E04D}.AppStore|iPhoneSimulator.ActiveCfg = AppStore|iPhoneSimulator
		{B7D1AEBF-84D6-4F3B-8F6D-83D7C7D1E04D}.AppStore|iPhoneSimulator.Build.0 = AppStore|iPhoneSimulator
		{B7D1AEBF-84D6-4F3B-8F6D-83D7C7D1E04D}.AppStore|x64.ActiveCfg = AppStore|iPhone
		{B7D1AEBF-84D6-4F3B-8F6D-83D7C7D1E04D}.AppStore|x86.ActiveCfg = AppStore|iPhone
		{B7D1AEBF-84D6-4F3B-8F6D-83D7C7D1E04D}.Debug|Any CPU.ActiveCfg = Debug|iPhone
		{B7D1AEBF-84D6-4F3B-8F6D-83D7C7D1E04D}.Debug|ARM.ActiveCfg = Debug|iPhone
		{B7D1AEBF-84D6-4F3B-8F6D-83D7C7D1E04D}.Debug|iPhone.ActiveCfg = Debug|iPhone
		{B7D1AEBF-84D6-4F3B-8F6D-83D7C7D1E04D}.Debug|iPhone.Build.0 = Debug|iPhone
		{B7D1AEBF-84D6-4F3B-8F6D-83D7C7D1E04D}.Debug|iPhoneSimulator.ActiveCfg = Debug|iPhoneSimulator
		{B7D1AEBF-84D6-4F3B-8F6D-83D7C7D1E04D}.Debug|iPhoneSimulator.Build.0 = Debug|iPhoneSimulator
		{B7D1AEBF-84D6-4F3B-8F6D-83D7C7D1E04D}.Debug|x64.ActiveCfg = Debug|iPhone
		{B7D1AEBF-84D6-4F3B-8F6D-83D7C7D1E04D}.Debug|x86.ActiveCfg = Debug|iPhone
		{B7D1AEBF-84D6-4F3B-8F6D-83D7C7D1E04D}.Release|Any CPU.ActiveCfg = Release|iPhone
		{B7D1AEBF-84D6-4F3B-8F6D-83D7C7D1E04D}.Release|ARM.ActiveCfg = Release|iPhone
		{B7D1AEBF-84D6-4F3B-8F6D-83D7C7D1E04D}.Release|iPhone.ActiveCfg = Release|iPhone
		{B7D1AEBF-84D6-4F3B-8F6D-83D7C7D1E04D}.Release|iPhone.Build.0 = Release|iPhone
		{B7D1AEBF-84D6-4F3B-8F6D-83D7C7D1E04D}.Release|iPhoneSimulator.ActiveCfg = Release|iPhoneSimulator
		{B7D1AEBF-84D6-4F3B-8F6D-83D7C7D1E04D}.Release|iPhoneSimulator.Build.0 = Release|iPhoneSimulator
		{B7D1AEBF-84D6-4F3B-8F6D-83D7C7D1E04D}.Release|x64.ActiveCfg = Release|iPhone
		{B7D1AEBF-84D6-4F3B-8F6D-83D7C7D1E04D}.Release|x86.ActiveCfg = Release|iPhone
		{8ECA22AE-39EB-47F9-B0A4-0D2A5AF9513C}.Ad-Hoc|Any CPU.ActiveCfg = Release|x86
		{8ECA22AE-39EB-47F9-B0A4-0D2A5AF9513C}.Ad-Hoc|Any CPU.Build.0 = Release|x86
		{8ECA22AE-39EB-47F9-B0A4-0D2A5AF9513C}.Ad-Hoc|Any CPU.Deploy.0 = Release|x86
		{8ECA22AE-39EB-47F9-B0A4-0D2A5AF9513C}.Ad-Hoc|ARM.ActiveCfg = Release|ARM
		{8ECA22AE-39EB-47F9-B0A4-0D2A5AF9513C}.Ad-Hoc|ARM.Build.0 = Release|ARM
		{8ECA22AE-39EB-47F9-B0A4-0D2A5AF9513C}.Ad-Hoc|ARM.Deploy.0 = Release|ARM
		{8ECA22AE-39EB-47F9-B0A4-0D2A5AF9513C}.Ad-Hoc|iPhone.ActiveCfg = Release|x86
		{8ECA22AE-39EB-47F9-B0A4-0D2A5AF9513C}.Ad-Hoc|iPhone.Build.0 = Release|x86
		{8ECA22AE-39EB-47F9-B0A4-0D2A5AF9513C}.Ad-Hoc|iPhone.Deploy.0 = Release|x86
		{8ECA22AE-39EB-47F9-B0A4-0D2A5AF9513C}.Ad-Hoc|iPhoneSimulator.ActiveCfg = Release|x86
		{8ECA22AE-39EB-47F9-B0A4-0D2A5AF9513C}.Ad-Hoc|iPhoneSimulator.Build.0 = Release|x86
		{8ECA22AE-39EB-47F9-B0A4-0D2A5AF9513C}.Ad-Hoc|iPhoneSimulator.Deploy.0 = Release|x86
		{8ECA22AE-39EB-47F9-B0A4-0D2A5AF9513C}.Ad-Hoc|x64.ActiveCfg = Release|x64
		{8ECA22AE-39EB-47F9-B0A4-0D2A5AF9513C}.Ad-Hoc|x64.Build.0 = Release|x64
		{8ECA22AE-39EB-47F9-B0A4-0D2A5AF9513C}.Ad-Hoc|x64.Deploy.0 = Release|x64
		{8ECA22AE-39EB-47F9-B0A4-0D2A5AF9513C}.Ad-Hoc|x86.ActiveCfg = Release|x86
		{8ECA22AE-39EB-47F9-B0A4-0D2A5AF9513C}.Ad-Hoc|x86.Build.0 = Release|x86
		{8ECA22AE-39EB-47F9-B0A4-0D2A5AF9513C}.Ad-Hoc|x86.Deploy.0 = Release|x86
		{8ECA22AE-39EB-47F9-B0A4-0D2A5AF9513C}.AppStore|Any CPU.ActiveCfg = Release|x86
		{8ECA22AE-39EB-47F9-B0A4-0D2A5AF9513C}.AppStore|Any CPU.Build.0 = Release|x86
		{8ECA22AE-39EB-47F9-B0A4-0D2A5AF9513C}.AppStore|Any CPU.Deploy.0 = Release|x86
		{8ECA22AE-39EB-47F9-B0A4-0D2A5AF9513C}.AppStore|ARM.ActiveCfg = Release|ARM
		{8ECA22AE-39EB-47F9-B0A4-0D2A5AF9513C}.AppStore|ARM.Build.0 = Release|ARM
		{8ECA22AE-39EB-47F9-B0A4-0D2A5AF9513C}.AppStore|ARM.Deploy.0 = Release|ARM
		{8ECA22AE-39EB-47F9-B0A4-0D2A5AF9513C}.AppStore|iPhone.ActiveCfg = Release|x86
		{8ECA22AE-39EB-47F9-B0A4-0D2A5AF9513C}.AppStore|iPhone.Build.0 = Release|x86
		{8ECA22AE-39EB-47F9-B0A4-0D2A5AF9513C}.AppStore|iPhone.Deploy.0 = Release|x86
		{8ECA22AE-39EB-47F9-B0A4-0D2A5AF9513C}.AppStore|iPhoneSimulator.ActiveCfg = Release|x86
		{8ECA22AE-39EB-47F9-B0A4-0D2A5AF9513C}.AppStore|iPhoneSimulator.Build.0 = Release|x86
		{8ECA22AE-39EB-47F9-B0A4-0D2A5AF9513C}.AppStore|iPhoneSimulator.Deploy.0 = Release|x86
		{8ECA22AE-39EB-47F9-B0A4-0D2A5AF9513C}.AppStore|x64.ActiveCfg = Release|x64
		{8ECA22AE-39EB-47F9-B0A4-0D2A5AF9513C}.AppStore|x64.Build.0 = Release|x64
		{8ECA22AE-39EB-47F9-B0A4-0D2A5AF9513C}.AppStore|x64.Deploy.0 = Release|x64
		{8ECA22AE-39EB-47F9-B0A4-0D2A5AF9513C}.AppStore|x86.ActiveCfg = Release|x86
		{8ECA22AE-39EB-47F9-B0A4-0D2A5AF9513C}.AppStore|x86.Build.0 = Release|x86
		{8ECA22AE-39EB-47F9-B0A4-0D2A5AF9513C}.AppStore|x86.Deploy.0 = Release|x86
		{8ECA22AE-39EB-47F9-B0A4-0D2A5AF9513C}.Debug|Any CPU.ActiveCfg = Debug|x86
		{8ECA22AE-39EB-47F9-B0A4-0D2A5AF9513C}.Debug|ARM.ActiveCfg = Debug|ARM
		{8ECA22AE-39EB-47F9-B0A4-0D2A5AF9513C}.Debug|ARM.Build.0 = Debug|ARM
		{8ECA22AE-39EB-47F9-B0A4-0D2A5AF9513C}.Debug|ARM.Deploy.0 = Debug|ARM
		{8ECA22AE-39EB-47F9-B0A4-0D2A5AF9513C}.Debug|iPhone.ActiveCfg = Debug|x86
		{8ECA22AE-39EB-47F9-B0A4-0D2A5AF9513C}.Debug|iPhoneSimulator.ActiveCfg = Debug|x86
		{8ECA22AE-39EB-47F9-B0A4-0D2A5AF9513C}.Debug|x64.ActiveCfg = Debug|x64
		{8ECA22AE-39EB-47F9-B0A4-0D2A5AF9513C}.Debug|x64.Build.0 = Debug|x64
		{8ECA22AE-39EB-47F9-B0A4-0D2A5AF9513C}.Debug|x64.Deploy.0 = Debug|x64
		{8ECA22AE-39EB-47F9-B0A4-0D2A5AF9513C}.Debug|x86.ActiveCfg = Debug|x86
		{8ECA22AE-39EB-47F9-B0A4-0D2A5AF9513C}.Debug|x86.Build.0 = Debug|x86
		{8ECA22AE-39EB-47F9-B0A4-0D2A5AF9513C}.Debug|x86.Deploy.0 = Debug|x86
		{8ECA22AE-39EB-47F9-B0A4-0D2A5AF9513C}.Release|Any CPU.ActiveCfg = Release|x86
		{8ECA22AE-39EB-47F9-B0A4-0D2A5AF9513C}.Release|ARM.ActiveCfg = Release|ARM
		{8ECA22AE-39EB-47F9-B0A4-0D2A5AF9513C}.Release|ARM.Build.0 = Release|ARM
		{8ECA22AE-39EB-47F9-B0A4-0D2A5AF9513C}.Release|ARM.Deploy.0 = Release|ARM
		{8ECA22AE-39EB-47F9-B0A4-0D2A5AF9513C}.Release|iPhone.ActiveCfg = Release|x86
		{8ECA22AE-39EB-47F9-B0A4-0D2A5AF9513C}.Release|iPhoneSimulator.ActiveCfg = Release|x86
		{8ECA22AE-39EB-47F9-B0A4-0D2A5AF9513C}.Release|x64.ActiveCfg = Release|x64
		{8ECA22AE-39EB-47F9-B0A4-0D2A5AF9513C}.Release|x64.Build.0 = Release|x64
		{8ECA22AE-39EB-47F9-B0A4-0D2A5AF9513C}.Release|x64.Deploy.0 = Release|x64
		{8ECA22AE-39EB-47F9-B0A4-0D2A5AF9513C}.Release|x86.ActiveCfg = Release|x86
		{8ECA22AE-39EB-47F9-B0A4-0D2A5AF9513C}.Release|x86.Build.0 = Release|x86
		{8ECA22AE-39EB-47F9-B0A4-0D2A5AF9513C}.Release|x86.Deploy.0 = Release|x86
		{D0AFF27B-C32B-42D5-9485-2E4B02257E6D}.Ad-Hoc|Any CPU.ActiveCfg = Release|Any CPU
		{D0AFF27B-C32B-42D5-9485-2E4B02257E6D}.Ad-Hoc|Any CPU.Build.0 = Release|Any CPU
		{D0AFF27B-C32B-42D5-9485-2E4B02257E6D}.Ad-Hoc|ARM.ActiveCfg = Release|Any CPU
		{D0AFF27B-C32B-42D5-9485-2E4B02257E6D}.Ad-Hoc|ARM.Build.0 = Release|Any CPU
		{D0AFF27B-C32B-42D5-9485-2E4B02257E6D}.Ad-Hoc|iPhone.ActiveCfg = Release|Any CPU
		{D0AFF27B-C32B-42D5-9485-2E4B02257E6D}.Ad-Hoc|iPhone.Build.0 = Release|Any CPU
		{D0AFF27B-C32B-42D5-9485-2E4B02257E6D}.Ad-Hoc|iPhoneSimulator.ActiveCfg = Release|Any CPU
		{D0AFF27B-C32B-42D5-9485-2E4B02257E6D}.Ad-Hoc|iPhoneSimulator.Build.0 = Release|Any CPU
		{D0AFF27B-C32B-42D5-9485-2E4B02257E6D}.Ad-Hoc|x64.ActiveCfg = Release|Any CPU
		{D0AFF27B-C32B-42D5-9485-2E4B02257E6D}.Ad-Hoc|x64.Build.0 = Release|Any CPU
		{D0AFF27B-C32B-42D5-9485-2E4B02257E6D}.Ad-Hoc|x86.ActiveCfg = Release|Any CPU
		{D0AFF27B-C32B-42D5-9485-2E4B02257E6D}.Ad-Hoc|x86.Build.0 = Release|Any CPU
		{D0AFF27B-C32B-42D5-9485-2E4B02257E6D}.AppStore|Any CPU.ActiveCfg = Release|Any CPU
		{D0AFF27B-C32B-42D5-9485-2E4B02257E6D}.AppStore|Any CPU.Build.0 = Release|Any CPU
		{D0AFF27B-C32B-42D5-9485-2E4B02257E6D}.AppStore|ARM.ActiveCfg = Release|Any CPU
		{D0AFF27B-C32B-42D5-9485-2E4B02257E6D}.AppStore|ARM.Build.0 = Release|Any CPU
		{D0AFF27B-C32B-42D5-9485-2E4B02257E6D}.AppStore|iPhone.ActiveCfg = Release|Any CPU
		{D0AFF27B-C32B-42D5-9485-2E4B02257E6D}.AppStore|iPhone.Build.0 = Release|Any CPU
		{D0AFF27B-C32B-42D5-9485-2E4B02257E6D}.AppStore|iPhoneSimulator.ActiveCfg = Release|Any CPU
		{D0AFF27B-C32B-42D5-9485-2E4B02257E6D}.AppStore|iPhoneSimulator.Build.0 = Release|Any CPU
		{D0AFF27B-C32B-42D5-9485-2E4B02257E6D}.AppStore|x64.ActiveCfg = Release|Any CPU
		{D0AFF27B-C32B-42D5-9485-2E4B02257E6D}.AppStore|x64.Build.0 = Release|Any CPU
		{D0AFF27B-C32B-42D5-9485-2E4B02257E6D}.AppStore|x86.ActiveCfg = Release|Any CPU
		{D0AFF27B-C32B-42D5-9485-2E4B02257E6D}.AppStore|x86.Build.0 = Release|Any CPU
		{D0AFF27B-C32B-42D5-9485-2E4B02257E6D}.Debug|Any CPU.ActiveCfg = Debug|Any CPU
		{D0AFF27B-C32B-42D5-9485-2E4B02257E6D}.Debug|Any CPU.Build.0 = Debug|Any CPU
		{D0AFF27B-C32B-42D5-9485-2E4B02257E6D}.Debug|ARM.ActiveCfg = Debug|Any CPU
		{D0AFF27B-C32B-42D5-9485-2E4B02257E6D}.Debug|ARM.Build.0 = Debug|Any CPU
		{D0AFF27B-C32B-42D5-9485-2E4B02257E6D}.Debug|iPhone.ActiveCfg = Debug|Any CPU
		{D0AFF27B-C32B-42D5-9485-2E4B02257E6D}.Debug|iPhone.Build.0 = Debug|Any CPU
		{D0AFF27B-C32B-42D5-9485-2E4B02257E6D}.Debug|iPhoneSimulator.ActiveCfg = Debug|Any CPU
		{D0AFF27B-C32B-42D5-9485-2E4B02257E6D}.Debug|iPhoneSimulator.Build.0 = Debug|Any CPU
		{D0AFF27B-C32B-42D5-9485-2E4B02257E6D}.Debug|x64.ActiveCfg = Debug|Any CPU
		{D0AFF27B-C32B-42D5-9485-2E4B02257E6D}.Debug|x64.Build.0 = Debug|Any CPU
		{D0AFF27B-C32B-42D5-9485-2E4B02257E6D}.Debug|x86.ActiveCfg = Debug|Any CPU
		{D0AFF27B-C32B-42D5-9485-2E4B02257E6D}.Debug|x86.Build.0 = Debug|Any CPU
		{D0AFF27B-C32B-42D5-9485-2E4B02257E6D}.Release|Any CPU.ActiveCfg = Release|Any CPU
		{D0AFF27B-C32B-42D5-9485-2E4B02257E6D}.Release|Any CPU.Build.0 = Release|Any CPU
		{D0AFF27B-C32B-42D5-9485-2E4B02257E6D}.Release|ARM.ActiveCfg = Release|Any CPU
		{D0AFF27B-C32B-42D5-9485-2E4B02257E6D}.Release|ARM.Build.0 = Release|Any CPU
		{D0AFF27B-C32B-42D5-9485-2E4B02257E6D}.Release|iPhone.ActiveCfg = Release|Any CPU
		{D0AFF27B-C32B-42D5-9485-2E4B02257E6D}.Release|iPhone.Build.0 = Release|Any CPU
		{D0AFF27B-C32B-42D5-9485-2E4B02257E6D}.Release|iPhoneSimulator.ActiveCfg = Release|Any CPU
		{D0AFF27B-C32B-42D5-9485-2E4B02257E6D}.Release|iPhoneSimulator.Build.0 = Release|Any CPU
		{D0AFF27B-C32B-42D5-9485-2E4B02257E6D}.Release|x64.ActiveCfg = Release|Any CPU
		{D0AFF27B-C32B-42D5-9485-2E4B02257E6D}.Release|x64.Build.0 = Release|Any CPU
		{D0AFF27B-C32B-42D5-9485-2E4B02257E6D}.Release|x86.ActiveCfg = Release|Any CPU
		{D0AFF27B-C32B-42D5-9485-2E4B02257E6D}.Release|x86.Build.0 = Release|Any CPU
		{FAF0A0CE-40B2-4ED0-8D10-FD9B83513CA3}.Ad-Hoc|Any CPU.ActiveCfg = Release|Any CPU
		{FAF0A0CE-40B2-4ED0-8D10-FD9B83513CA3}.Ad-Hoc|Any CPU.Build.0 = Release|Any CPU
		{FAF0A0CE-40B2-4ED0-8D10-FD9B83513CA3}.Ad-Hoc|ARM.ActiveCfg = Release|Any CPU
		{FAF0A0CE-40B2-4ED0-8D10-FD9B83513CA3}.Ad-Hoc|ARM.Build.0 = Release|Any CPU
		{FAF0A0CE-40B2-4ED0-8D10-FD9B83513CA3}.Ad-Hoc|iPhone.ActiveCfg = Release|Any CPU
		{FAF0A0CE-40B2-4ED0-8D10-FD9B83513CA3}.Ad-Hoc|iPhone.Build.0 = Release|Any CPU
		{FAF0A0CE-40B2-4ED0-8D10-FD9B83513CA3}.Ad-Hoc|iPhoneSimulator.ActiveCfg = Release|Any CPU
		{FAF0A0CE-40B2-4ED0-8D10-FD9B83513CA3}.Ad-Hoc|iPhoneSimulator.Build.0 = Release|Any CPU
		{FAF0A0CE-40B2-4ED0-8D10-FD9B83513CA3}.Ad-Hoc|x64.ActiveCfg = Release|Any CPU
		{FAF0A0CE-40B2-4ED0-8D10-FD9B83513CA3}.Ad-Hoc|x64.Build.0 = Release|Any CPU
		{FAF0A0CE-40B2-4ED0-8D10-FD9B83513CA3}.Ad-Hoc|x86.ActiveCfg = Release|Any CPU
		{FAF0A0CE-40B2-4ED0-8D10-FD9B83513CA3}.Ad-Hoc|x86.Build.0 = Release|Any CPU
		{FAF0A0CE-40B2-4ED0-8D10-FD9B83513CA3}.AppStore|Any CPU.ActiveCfg = Release|Any CPU
		{FAF0A0CE-40B2-4ED0-8D10-FD9B83513CA3}.AppStore|Any CPU.Build.0 = Release|Any CPU
		{FAF0A0CE-40B2-4ED0-8D10-FD9B83513CA3}.AppStore|ARM.ActiveCfg = Release|Any CPU
		{FAF0A0CE-40B2-4ED0-8D10-FD9B83513CA3}.AppStore|ARM.Build.0 = Release|Any CPU
		{FAF0A0CE-40B2-4ED0-8D10-FD9B83513CA3}.AppStore|iPhone.ActiveCfg = Release|Any CPU
		{FAF0A0CE-40B2-4ED0-8D10-FD9B83513CA3}.AppStore|iPhone.Build.0 = Release|Any CPU
		{FAF0A0CE-40B2-4ED0-8D10-FD9B83513CA3}.AppStore|iPhoneSimulator.ActiveCfg = Release|Any CPU
		{FAF0A0CE-40B2-4ED0-8D10-FD9B83513CA3}.AppStore|iPhoneSimulator.Build.0 = Release|Any CPU
		{FAF0A0CE-40B2-4ED0-8D10-FD9B83513CA3}.AppStore|x64.ActiveCfg = Release|Any CPU
		{FAF0A0CE-40B2-4ED0-8D10-FD9B83513CA3}.AppStore|x64.Build.0 = Release|Any CPU
		{FAF0A0CE-40B2-4ED0-8D10-FD9B83513CA3}.AppStore|x86.ActiveCfg = Release|Any CPU
		{FAF0A0CE-40B2-4ED0-8D10-FD9B83513CA3}.AppStore|x86.Build.0 = Release|Any CPU
		{FAF0A0CE-40B2-4ED0-8D10-FD9B83513CA3}.Debug|Any CPU.ActiveCfg = Debug|Any CPU
		{FAF0A0CE-40B2-4ED0-8D10-FD9B83513CA3}.Debug|Any CPU.Build.0 = Debug|Any CPU
		{FAF0A0CE-40B2-4ED0-8D10-FD9B83513CA3}.Debug|ARM.ActiveCfg = Debug|Any CPU
		{FAF0A0CE-40B2-4ED0-8D10-FD9B83513CA3}.Debug|ARM.Build.0 = Debug|Any CPU
		{FAF0A0CE-40B2-4ED0-8D10-FD9B83513CA3}.Debug|iPhone.ActiveCfg = Debug|Any CPU
		{FAF0A0CE-40B2-4ED0-8D10-FD9B83513CA3}.Debug|iPhone.Build.0 = Debug|Any CPU
		{FAF0A0CE-40B2-4ED0-8D10-FD9B83513CA3}.Debug|iPhoneSimulator.ActiveCfg = Debug|Any CPU
		{FAF0A0CE-40B2-4ED0-8D10-FD9B83513CA3}.Debug|iPhoneSimulator.Build.0 = Debug|Any CPU
		{FAF0A0CE-40B2-4ED0-8D10-FD9B83513CA3}.Debug|x64.ActiveCfg = Debug|Any CPU
		{FAF0A0CE-40B2-4ED0-8D10-FD9B83513CA3}.Debug|x64.Build.0 = Debug|Any CPU
		{FAF0A0CE-40B2-4ED0-8D10-FD9B83513CA3}.Debug|x86.ActiveCfg = Debug|Any CPU
		{FAF0A0CE-40B2-4ED0-8D10-FD9B83513CA3}.Debug|x86.Build.0 = Debug|Any CPU
		{FAF0A0CE-40B2-4ED0-8D10-FD9B83513CA3}.Release|Any CPU.ActiveCfg = Release|Any CPU
		{FAF0A0CE-40B2-4ED0-8D10-FD9B83513CA3}.Release|Any CPU.Build.0 = Release|Any CPU
		{FAF0A0CE-40B2-4ED0-8D10-FD9B83513CA3}.Release|ARM.ActiveCfg = Release|Any CPU
		{FAF0A0CE-40B2-4ED0-8D10-FD9B83513CA3}.Release|ARM.Build.0 = Release|Any CPU
		{FAF0A0CE-40B2-4ED0-8D10-FD9B83513CA3}.Release|iPhone.ActiveCfg = Release|Any CPU
		{FAF0A0CE-40B2-4ED0-8D10-FD9B83513CA3}.Release|iPhone.Build.0 = Release|Any CPU
		{FAF0A0CE-40B2-4ED0-8D10-FD9B83513CA3}.Release|iPhoneSimulator.ActiveCfg = Release|Any CPU
		{FAF0A0CE-40B2-4ED0-8D10-FD9B83513CA3}.Release|iPhoneSimulator.Build.0 = Release|Any CPU
		{FAF0A0CE-40B2-4ED0-8D10-FD9B83513CA3}.Release|x64.ActiveCfg = Release|Any CPU
		{FAF0A0CE-40B2-4ED0-8D10-FD9B83513CA3}.Release|x64.Build.0 = Release|Any CPU
		{FAF0A0CE-40B2-4ED0-8D10-FD9B83513CA3}.Release|x86.ActiveCfg = Release|Any CPU
		{FAF0A0CE-40B2-4ED0-8D10-FD9B83513CA3}.Release|x86.Build.0 = Release|Any CPU
		{94EEBADB-C82A-41D0-8208-748C2D4BE2DA}.Ad-Hoc|Any CPU.ActiveCfg = Release|Any CPU
		{94EEBADB-C82A-41D0-8208-748C2D4BE2DA}.Ad-Hoc|Any CPU.Build.0 = Release|Any CPU
		{94EEBADB-C82A-41D0-8208-748C2D4BE2DA}.Ad-Hoc|ARM.ActiveCfg = Release|Any CPU
		{94EEBADB-C82A-41D0-8208-748C2D4BE2DA}.Ad-Hoc|ARM.Build.0 = Release|Any CPU
		{94EEBADB-C82A-41D0-8208-748C2D4BE2DA}.Ad-Hoc|iPhone.ActiveCfg = Release|Any CPU
		{94EEBADB-C82A-41D0-8208-748C2D4BE2DA}.Ad-Hoc|iPhone.Build.0 = Release|Any CPU
		{94EEBADB-C82A-41D0-8208-748C2D4BE2DA}.Ad-Hoc|iPhoneSimulator.ActiveCfg = Release|Any CPU
		{94EEBADB-C82A-41D0-8208-748C2D4BE2DA}.Ad-Hoc|iPhoneSimulator.Build.0 = Release|Any CPU
		{94EEBADB-C82A-41D0-8208-748C2D4BE2DA}.Ad-Hoc|x64.ActiveCfg = Release|Any CPU
		{94EEBADB-C82A-41D0-8208-748C2D4BE2DA}.Ad-Hoc|x64.Build.0 = Release|Any CPU
		{94EEBADB-C82A-41D0-8208-748C2D4BE2DA}.Ad-Hoc|x86.ActiveCfg = Release|Any CPU
		{94EEBADB-C82A-41D0-8208-748C2D4BE2DA}.Ad-Hoc|x86.Build.0 = Release|Any CPU
		{94EEBADB-C82A-41D0-8208-748C2D4BE2DA}.AppStore|Any CPU.ActiveCfg = Release|Any CPU
		{94EEBADB-C82A-41D0-8208-748C2D4BE2DA}.AppStore|Any CPU.Build.0 = Release|Any CPU
		{94EEBADB-C82A-41D0-8208-748C2D4BE2DA}.AppStore|ARM.ActiveCfg = Release|Any CPU
		{94EEBADB-C82A-41D0-8208-748C2D4BE2DA}.AppStore|ARM.Build.0 = Release|Any CPU
		{94EEBADB-C82A-41D0-8208-748C2D4BE2DA}.AppStore|iPhone.ActiveCfg = Release|Any CPU
		{94EEBADB-C82A-41D0-8208-748C2D4BE2DA}.AppStore|iPhone.Build.0 = Release|Any CPU
		{94EEBADB-C82A-41D0-8208-748C2D4BE2DA}.AppStore|iPhoneSimulator.ActiveCfg = Release|Any CPU
		{94EEBADB-C82A-41D0-8208-748C2D4BE2DA}.AppStore|iPhoneSimulator.Build.0 = Release|Any CPU
		{94EEBADB-C82A-41D0-8208-748C2D4BE2DA}.AppStore|x64.ActiveCfg = Release|Any CPU
		{94EEBADB-C82A-41D0-8208-748C2D4BE2DA}.AppStore|x64.Build.0 = Release|Any CPU
		{94EEBADB-C82A-41D0-8208-748C2D4BE2DA}.AppStore|x86.ActiveCfg = Release|Any CPU
		{94EEBADB-C82A-41D0-8208-748C2D4BE2DA}.AppStore|x86.Build.0 = Release|Any CPU
		{94EEBADB-C82A-41D0-8208-748C2D4BE2DA}.Debug|Any CPU.ActiveCfg = Debug|Any CPU
		{94EEBADB-C82A-41D0-8208-748C2D4BE2DA}.Debug|Any CPU.Build.0 = Debug|Any CPU
		{94EEBADB-C82A-41D0-8208-748C2D4BE2DA}.Debug|Any CPU.Deploy.0 = Debug|Any CPU
		{94EEBADB-C82A-41D0-8208-748C2D4BE2DA}.Debug|ARM.ActiveCfg = Debug|Any CPU
		{94EEBADB-C82A-41D0-8208-748C2D4BE2DA}.Debug|ARM.Build.0 = Debug|Any CPU
		{94EEBADB-C82A-41D0-8208-748C2D4BE2DA}.Debug|iPhone.ActiveCfg = Debug|Any CPU
		{94EEBADB-C82A-41D0-8208-748C2D4BE2DA}.Debug|iPhone.Build.0 = Debug|Any CPU
		{94EEBADB-C82A-41D0-8208-748C2D4BE2DA}.Debug|iPhoneSimulator.ActiveCfg = Debug|Any CPU
		{94EEBADB-C82A-41D0-8208-748C2D4BE2DA}.Debug|iPhoneSimulator.Build.0 = Debug|Any CPU
		{94EEBADB-C82A-41D0-8208-748C2D4BE2DA}.Debug|x64.ActiveCfg = Debug|Any CPU
		{94EEBADB-C82A-41D0-8208-748C2D4BE2DA}.Debug|x64.Build.0 = Debug|Any CPU
		{94EEBADB-C82A-41D0-8208-748C2D4BE2DA}.Debug|x86.ActiveCfg = Debug|Any CPU
		{94EEBADB-C82A-41D0-8208-748C2D4BE2DA}.Debug|x86.Build.0 = Debug|Any CPU
		{94EEBADB-C82A-41D0-8208-748C2D4BE2DA}.Release|Any CPU.ActiveCfg = Release|Any CPU
		{94EEBADB-C82A-41D0-8208-748C2D4BE2DA}.Release|Any CPU.Build.0 = Release|Any CPU
		{94EEBADB-C82A-41D0-8208-748C2D4BE2DA}.Release|Any CPU.Deploy.0 = Release|Any CPU
		{94EEBADB-C82A-41D0-8208-748C2D4BE2DA}.Release|ARM.ActiveCfg = Release|Any CPU
		{94EEBADB-C82A-41D0-8208-748C2D4BE2DA}.Release|ARM.Build.0 = Release|Any CPU
		{94EEBADB-C82A-41D0-8208-748C2D4BE2DA}.Release|iPhone.ActiveCfg = Release|Any CPU
		{94EEBADB-C82A-41D0-8208-748C2D4BE2DA}.Release|iPhone.Build.0 = Release|Any CPU
		{94EEBADB-C82A-41D0-8208-748C2D4BE2DA}.Release|iPhoneSimulator.ActiveCfg = Release|Any CPU
		{94EEBADB-C82A-41D0-8208-748C2D4BE2DA}.Release|iPhoneSimulator.Build.0 = Release|Any CPU
		{94EEBADB-C82A-41D0-8208-748C2D4BE2DA}.Release|x64.ActiveCfg = Release|Any CPU
		{94EEBADB-C82A-41D0-8208-748C2D4BE2DA}.Release|x64.Build.0 = Release|Any CPU
		{94EEBADB-C82A-41D0-8208-748C2D4BE2DA}.Release|x86.ActiveCfg = Release|Any CPU
		{94EEBADB-C82A-41D0-8208-748C2D4BE2DA}.Release|x86.Build.0 = Release|Any CPU
		{2129A17C-E043-4E5B-A620-F6DE2A330D55}.Ad-Hoc|Any CPU.ActiveCfg = Release|Any CPU
		{2129A17C-E043-4E5B-A620-F6DE2A330D55}.Ad-Hoc|Any CPU.Build.0 = Release|Any CPU
		{2129A17C-E043-4E5B-A620-F6DE2A330D55}.Ad-Hoc|ARM.ActiveCfg = Release|Any CPU
		{2129A17C-E043-4E5B-A620-F6DE2A330D55}.Ad-Hoc|ARM.Build.0 = Release|Any CPU
		{2129A17C-E043-4E5B-A620-F6DE2A330D55}.Ad-Hoc|iPhone.ActiveCfg = Release|Any CPU
		{2129A17C-E043-4E5B-A620-F6DE2A330D55}.Ad-Hoc|iPhone.Build.0 = Release|Any CPU
		{2129A17C-E043-4E5B-A620-F6DE2A330D55}.Ad-Hoc|iPhoneSimulator.ActiveCfg = Release|Any CPU
		{2129A17C-E043-4E5B-A620-F6DE2A330D55}.Ad-Hoc|iPhoneSimulator.Build.0 = Release|Any CPU
		{2129A17C-E043-4E5B-A620-F6DE2A330D55}.Ad-Hoc|x64.ActiveCfg = Release|Any CPU
		{2129A17C-E043-4E5B-A620-F6DE2A330D55}.Ad-Hoc|x64.Build.0 = Release|Any CPU
		{2129A17C-E043-4E5B-A620-F6DE2A330D55}.Ad-Hoc|x86.ActiveCfg = Release|Any CPU
		{2129A17C-E043-4E5B-A620-F6DE2A330D55}.Ad-Hoc|x86.Build.0 = Release|Any CPU
		{2129A17C-E043-4E5B-A620-F6DE2A330D55}.AppStore|Any CPU.ActiveCfg = Release|Any CPU
		{2129A17C-E043-4E5B-A620-F6DE2A330D55}.AppStore|Any CPU.Build.0 = Release|Any CPU
		{2129A17C-E043-4E5B-A620-F6DE2A330D55}.AppStore|ARM.ActiveCfg = Release|Any CPU
		{2129A17C-E043-4E5B-A620-F6DE2A330D55}.AppStore|ARM.Build.0 = Release|Any CPU
		{2129A17C-E043-4E5B-A620-F6DE2A330D55}.AppStore|iPhone.ActiveCfg = Release|Any CPU
		{2129A17C-E043-4E5B-A620-F6DE2A330D55}.AppStore|iPhone.Build.0 = Release|Any CPU
		{2129A17C-E043-4E5B-A620-F6DE2A330D55}.AppStore|iPhoneSimulator.ActiveCfg = Release|Any CPU
		{2129A17C-E043-4E5B-A620-F6DE2A330D55}.AppStore|iPhoneSimulator.Build.0 = Release|Any CPU
		{2129A17C-E043-4E5B-A620-F6DE2A330D55}.AppStore|x64.ActiveCfg = Release|Any CPU
		{2129A17C-E043-4E5B-A620-F6DE2A330D55}.AppStore|x64.Build.0 = Release|Any CPU
		{2129A17C-E043-4E5B-A620-F6DE2A330D55}.AppStore|x86.ActiveCfg = Release|Any CPU
		{2129A17C-E043-4E5B-A620-F6DE2A330D55}.AppStore|x86.Build.0 = Release|Any CPU
		{2129A17C-E043-4E5B-A620-F6DE2A330D55}.Debug|Any CPU.ActiveCfg = Debug|Any CPU
		{2129A17C-E043-4E5B-A620-F6DE2A330D55}.Debug|Any CPU.Build.0 = Debug|Any CPU
		{2129A17C-E043-4E5B-A620-F6DE2A330D55}.Debug|ARM.ActiveCfg = Debug|Any CPU
		{2129A17C-E043-4E5B-A620-F6DE2A330D55}.Debug|ARM.Build.0 = Debug|Any CPU
		{2129A17C-E043-4E5B-A620-F6DE2A330D55}.Debug|iPhone.ActiveCfg = Debug|Any CPU
		{2129A17C-E043-4E5B-A620-F6DE2A330D55}.Debug|iPhone.Build.0 = Debug|Any CPU
		{2129A17C-E043-4E5B-A620-F6DE2A330D55}.Debug|iPhoneSimulator.ActiveCfg = Debug|Any CPU
		{2129A17C-E043-4E5B-A620-F6DE2A330D55}.Debug|iPhoneSimulator.Build.0 = Debug|Any CPU
		{2129A17C-E043-4E5B-A620-F6DE2A330D55}.Debug|x64.ActiveCfg = Debug|Any CPU
		{2129A17C-E043-4E5B-A620-F6DE2A330D55}.Debug|x64.Build.0 = Debug|Any CPU
		{2129A17C-E043-4E5B-A620-F6DE2A330D55}.Debug|x86.ActiveCfg = Debug|Any CPU
		{2129A17C-E043-4E5B-A620-F6DE2A330D55}.Debug|x86.Build.0 = Debug|Any CPU
		{2129A17C-E043-4E5B-A620-F6DE2A330D55}.Release|Any CPU.ActiveCfg = Release|Any CPU
		{2129A17C-E043-4E5B-A620-F6DE2A330D55}.Release|Any CPU.Build.0 = Release|Any CPU
		{2129A17C-E043-4E5B-A620-F6DE2A330D55}.Release|ARM.ActiveCfg = Release|Any CPU
		{2129A17C-E043-4E5B-A620-F6DE2A330D55}.Release|ARM.Build.0 = Release|Any CPU
		{2129A17C-E043-4E5B-A620-F6DE2A330D55}.Release|iPhone.ActiveCfg = Release|Any CPU
		{2129A17C-E043-4E5B-A620-F6DE2A330D55}.Release|iPhone.Build.0 = Release|Any CPU
		{2129A17C-E043-4E5B-A620-F6DE2A330D55}.Release|iPhoneSimulator.ActiveCfg = Release|Any CPU
		{2129A17C-E043-4E5B-A620-F6DE2A330D55}.Release|iPhoneSimulator.Build.0 = Release|Any CPU
		{2129A17C-E043-4E5B-A620-F6DE2A330D55}.Release|x64.ActiveCfg = Release|Any CPU
		{2129A17C-E043-4E5B-A620-F6DE2A330D55}.Release|x64.Build.0 = Release|Any CPU
		{2129A17C-E043-4E5B-A620-F6DE2A330D55}.Release|x86.ActiveCfg = Release|Any CPU
		{2129A17C-E043-4E5B-A620-F6DE2A330D55}.Release|x86.Build.0 = Release|Any CPU
		{552911C9-D3A8-4E37-9BB4-8D9BF3679365}.Ad-Hoc|Any CPU.ActiveCfg = Release|x64
		{552911C9-D3A8-4E37-9BB4-8D9BF3679365}.Ad-Hoc|Any CPU.Build.0 = Release|x64
		{552911C9-D3A8-4E37-9BB4-8D9BF3679365}.Ad-Hoc|Any CPU.Deploy.0 = Release|x64
		{552911C9-D3A8-4E37-9BB4-8D9BF3679365}.Ad-Hoc|ARM.ActiveCfg = Release|ARM
		{552911C9-D3A8-4E37-9BB4-8D9BF3679365}.Ad-Hoc|ARM.Build.0 = Release|ARM
		{552911C9-D3A8-4E37-9BB4-8D9BF3679365}.Ad-Hoc|ARM.Deploy.0 = Release|ARM
		{552911C9-D3A8-4E37-9BB4-8D9BF3679365}.Ad-Hoc|ARM64.ActiveCfg = Release|ARM64
		{552911C9-D3A8-4E37-9BB4-8D9BF3679365}.Ad-Hoc|ARM64.Build.0 = Release|ARM64
		{552911C9-D3A8-4E37-9BB4-8D9BF3679365}.Ad-Hoc|ARM64.Deploy.0 = Release|ARM64
		{552911C9-D3A8-4E37-9BB4-8D9BF3679365}.Ad-Hoc|iPhone.ActiveCfg = Release|x64
		{552911C9-D3A8-4E37-9BB4-8D9BF3679365}.Ad-Hoc|iPhone.Build.0 = Release|x64
		{552911C9-D3A8-4E37-9BB4-8D9BF3679365}.Ad-Hoc|iPhone.Deploy.0 = Release|x64
		{552911C9-D3A8-4E37-9BB4-8D9BF3679365}.Ad-Hoc|iPhoneSimulator.ActiveCfg = Release|x64
		{552911C9-D3A8-4E37-9BB4-8D9BF3679365}.Ad-Hoc|iPhoneSimulator.Build.0 = Release|x64
		{552911C9-D3A8-4E37-9BB4-8D9BF3679365}.Ad-Hoc|iPhoneSimulator.Deploy.0 = Release|x64
		{552911C9-D3A8-4E37-9BB4-8D9BF3679365}.Ad-Hoc|x64.ActiveCfg = Release|x64
		{552911C9-D3A8-4E37-9BB4-8D9BF3679365}.Ad-Hoc|x64.Build.0 = Release|x64
		{552911C9-D3A8-4E37-9BB4-8D9BF3679365}.Ad-Hoc|x64.Deploy.0 = Release|x64
		{552911C9-D3A8-4E37-9BB4-8D9BF3679365}.Ad-Hoc|x86.ActiveCfg = Release|x86
		{552911C9-D3A8-4E37-9BB4-8D9BF3679365}.Ad-Hoc|x86.Build.0 = Release|x86
		{552911C9-D3A8-4E37-9BB4-8D9BF3679365}.Ad-Hoc|x86.Deploy.0 = Release|x86
		{552911C9-D3A8-4E37-9BB4-8D9BF3679365}.AppStore|Any CPU.ActiveCfg = Release|x64
		{552911C9-D3A8-4E37-9BB4-8D9BF3679365}.AppStore|Any CPU.Build.0 = Release|x64
		{552911C9-D3A8-4E37-9BB4-8D9BF3679365}.AppStore|Any CPU.Deploy.0 = Release|x64
		{552911C9-D3A8-4E37-9BB4-8D9BF3679365}.AppStore|ARM.ActiveCfg = Release|ARM
		{552911C9-D3A8-4E37-9BB4-8D9BF3679365}.AppStore|ARM.Build.0 = Release|ARM
		{552911C9-D3A8-4E37-9BB4-8D9BF3679365}.AppStore|ARM.Deploy.0 = Release|ARM
		{552911C9-D3A8-4E37-9BB4-8D9BF3679365}.AppStore|ARM64.ActiveCfg = Release|ARM64
		{552911C9-D3A8-4E37-9BB4-8D9BF3679365}.AppStore|ARM64.Build.0 = Release|ARM64
		{552911C9-D3A8-4E37-9BB4-8D9BF3679365}.AppStore|ARM64.Deploy.0 = Release|ARM64
		{552911C9-D3A8-4E37-9BB4-8D9BF3679365}.AppStore|iPhone.ActiveCfg = Release|x64
		{552911C9-D3A8-4E37-9BB4-8D9BF3679365}.AppStore|iPhone.Build.0 = Release|x64
		{552911C9-D3A8-4E37-9BB4-8D9BF3679365}.AppStore|iPhone.Deploy.0 = Release|x64
		{552911C9-D3A8-4E37-9BB4-8D9BF3679365}.AppStore|iPhoneSimulator.ActiveCfg = Release|x64
		{552911C9-D3A8-4E37-9BB4-8D9BF3679365}.AppStore|iPhoneSimulator.Build.0 = Release|x64
		{552911C9-D3A8-4E37-9BB4-8D9BF3679365}.AppStore|iPhoneSimulator.Deploy.0 = Release|x64
		{552911C9-D3A8-4E37-9BB4-8D9BF3679365}.AppStore|x64.ActiveCfg = Release|x64
		{552911C9-D3A8-4E37-9BB4-8D9BF3679365}.AppStore|x64.Build.0 = Release|x64
		{552911C9-D3A8-4E37-9BB4-8D9BF3679365}.AppStore|x64.Deploy.0 = Release|x64
		{552911C9-D3A8-4E37-9BB4-8D9BF3679365}.AppStore|x86.ActiveCfg = Release|x86
		{552911C9-D3A8-4E37-9BB4-8D9BF3679365}.AppStore|x86.Build.0 = Release|x86
		{552911C9-D3A8-4E37-9BB4-8D9BF3679365}.AppStore|x86.Deploy.0 = Release|x86
		{552911C9-D3A8-4E37-9BB4-8D9BF3679365}.Debug|Any CPU.ActiveCfg = Debug|x86
		{552911C9-D3A8-4E37-9BB4-8D9BF3679365}.Debug|ARM.ActiveCfg = Debug|ARM
		{552911C9-D3A8-4E37-9BB4-8D9BF3679365}.Debug|ARM.Build.0 = Debug|ARM
		{552911C9-D3A8-4E37-9BB4-8D9BF3679365}.Debug|ARM.Deploy.0 = Debug|ARM
		{552911C9-D3A8-4E37-9BB4-8D9BF3679365}.Debug|ARM64.ActiveCfg = Debug|ARM64
		{552911C9-D3A8-4E37-9BB4-8D9BF3679365}.Debug|ARM64.Build.0 = Debug|ARM64
		{552911C9-D3A8-4E37-9BB4-8D9BF3679365}.Debug|ARM64.Deploy.0 = Debug|ARM64
		{552911C9-D3A8-4E37-9BB4-8D9BF3679365}.Debug|iPhone.ActiveCfg = Debug|x86
		{552911C9-D3A8-4E37-9BB4-8D9BF3679365}.Debug|iPhoneSimulator.ActiveCfg = Debug|x86
		{552911C9-D3A8-4E37-9BB4-8D9BF3679365}.Debug|x64.ActiveCfg = Debug|x64
		{552911C9-D3A8-4E37-9BB4-8D9BF3679365}.Debug|x64.Build.0 = Debug|x64
		{552911C9-D3A8-4E37-9BB4-8D9BF3679365}.Debug|x64.Deploy.0 = Debug|x64
		{552911C9-D3A8-4E37-9BB4-8D9BF3679365}.Debug|x86.ActiveCfg = Debug|x86
		{552911C9-D3A8-4E37-9BB4-8D9BF3679365}.Debug|x86.Build.0 = Debug|x86
		{552911C9-D3A8-4E37-9BB4-8D9BF3679365}.Debug|x86.Deploy.0 = Debug|x86
		{552911C9-D3A8-4E37-9BB4-8D9BF3679365}.Release|Any CPU.ActiveCfg = Release|x86
		{552911C9-D3A8-4E37-9BB4-8D9BF3679365}.Release|ARM.ActiveCfg = Release|ARM
		{552911C9-D3A8-4E37-9BB4-8D9BF3679365}.Release|ARM.Build.0 = Release|ARM
		{552911C9-D3A8-4E37-9BB4-8D9BF3679365}.Release|ARM.Deploy.0 = Release|ARM
		{552911C9-D3A8-4E37-9BB4-8D9BF3679365}.Release|ARM64.ActiveCfg = Release|ARM64
		{552911C9-D3A8-4E37-9BB4-8D9BF3679365}.Release|ARM64.Build.0 = Release|ARM64
		{552911C9-D3A8-4E37-9BB4-8D9BF3679365}.Release|ARM64.Deploy.0 = Release|ARM64
		{552911C9-D3A8-4E37-9BB4-8D9BF3679365}.Release|iPhone.ActiveCfg = Release|x86
		{552911C9-D3A8-4E37-9BB4-8D9BF3679365}.Release|iPhoneSimulator.ActiveCfg = Release|x86
		{552911C9-D3A8-4E37-9BB4-8D9BF3679365}.Release|x64.ActiveCfg = Release|x64
		{552911C9-D3A8-4E37-9BB4-8D9BF3679365}.Release|x64.Build.0 = Release|x64
		{552911C9-D3A8-4E37-9BB4-8D9BF3679365}.Release|x64.Deploy.0 = Release|x64
		{552911C9-D3A8-4E37-9BB4-8D9BF3679365}.Release|x86.ActiveCfg = Release|x86
		{552911C9-D3A8-4E37-9BB4-8D9BF3679365}.Release|x86.Build.0 = Release|x86
		{552911C9-D3A8-4E37-9BB4-8D9BF3679365}.Release|x86.Deploy.0 = Release|x86
	EndGlobalSection
	GlobalSection(SolutionProperties) = preSolution
		HideSolutionNode = FALSE
	EndGlobalSection
	GlobalSection(ExtensibilityGlobals) = postSolution
		SolutionGuid = {F6D05029-56B8-4E45-AF2D-0E76295DDBA2}
	EndGlobalSection
EndGlobal
